
Microsoft Visual Studio Solution File, Format Version 12.00
# Visual Studio Version 17
VisualStudioVersion = 17.5.33530.505
MinimumVisualStudioVersion = 10.0.40219.1
Project("{FAE04EC0-301F-11D3-BF4B-00C04F79EFBC}") = "ReportsEngine", "ReportsEngine\ReportsEngine.csproj", "{0028448F-B380-4FBD-955C-3F850DD8DD3E}"
EndProject
Global
	GlobalSection(SolutionConfigurationPlatforms) = preSolution
		Debug|Any CPU = Debug|Any CPU
		Release|Any CPU = Release|Any CPU
	EndGlobalSection
	GlobalSection(ProjectConfigurationPlatforms) = postSolution
		{0028448F-B380-4FBD-955C-3F850DD8DD3E}.Debug|Any CPU.ActiveCfg = Debug|Any CPU
		{0028448F-B380-4FBD-955C-3F850DD8DD3E}.Debug|Any CPU.Build.0 = Debug|Any CPU
		{0028448F-B380-4FBD-955C-3F850DD8DD3E}.Release|Any CPU.ActiveCfg = Release|Any CPU
		{0028448F-B380-4FBD-955C-3F850DD8DD3E}.Release|Any CPU.Build.0 = Release|Any CPU
	EndGlobalSection
	GlobalSection(SolutionProperties) = preSolution
		HideSolutionNode = FALSE
	EndGlobalSection
	GlobalSection(ExtensibilityGlobals) = postSolution
		SolutionGuid = {F7C36D2B-3771-4A85-B011-7B8A8089EFB1}
	EndGlobalSection
EndGlobal
